
Microsoft Visual Studio Solution File, Format Version 12.00
# Visual Studio Version 17
VisualStudioVersion = 17.0.31903.59
MinimumVisualStudioVersion = 10.0.40219.1
Project("{2150E333-8FDC-42A3-9474-1A3956D46DE8}") = "src", "src", "{8A54FB4F-3AF2-44EC-B4A2-C99050568B1F}"
EndProject
Project("{2150E333-8FDC-42A3-9474-1A3956D46DE8}") = "AuthService", "AuthService", "{2AD1BA84-1AE9-4BD7-B0DC-605D8C50B498}"
EndProject
Project("{FAE04EC0-301F-11D3-BF4B-00C04F79EFBC}") = "AuthService.API", "src\AuthService\AuthService.API\AuthService.API.csproj", "{4BE5AFC0-7B4C-468A-A021-FAE1F749C1D1}"
EndProject
Project("{FAE04EC0-301F-11D3-BF4B-00C04F79EFBC}") = "AuthService.Application", "src\AuthService\AuthService.Application\AuthService.Application.csproj", "{007D39F6-94FC-480A-AE9A-B4B82BBECE83}"
EndProject
Project("{FAE04EC0-301F-11D3-BF4B-00C04F79EFBC}") = "AuthService.Domain", "src\AuthService\AuthService.Domain\AuthService.Domain.csproj", "{EF9490AD-02B6-493C-B6FD-BC31ABFE3E9E}"
EndProject
Project("{FAE04EC0-301F-11D3-BF4B-00C04F79EFBC}") = "AuthService.Infrastructure", "src\AuthService\AuthService.Infrastructure\AuthService.Infrastructure.csproj", "{0ABAD3B8-A877-4905-B363-854E50BF02CD}"
EndProject
Project("{FAE04EC0-301F-11D3-BF4B-00C04F79EFBC}") = "AuthService.Tests", "src\AuthService\AuthService.Tests\AuthService.Tests.csproj", "{BFD7FB37-3295-4675-9265-37185CB79DEA}"
EndProject
Project("{2150E333-8FDC-42A3-9474-1A3956D46DE8}") = "FileService", "FileService", "{359EA384-C0ED-428D-9D97-2E40C455A523}"
EndProject
Project("{FAE04EC0-301F-11D3-BF4B-00C04F79EFBC}") = "FileService.API", "src\FileService\FileService.API\FileService.API.csproj", "{4AE09CDA-95A9-45F7-951F-0C52635715E6}"
EndProject
Project("{FAE04EC0-301F-11D3-BF4B-00C04F79EFBC}") = "FileService.Application", "src\FileService\FileService.Application\FileService.Application.csproj", "{687C27F7-910F-4D27-8B9E-E64DF5387D8D}"
EndProject
Project("{FAE04EC0-301F-11D3-BF4B-00C04F79EFBC}") = "FileService.Domain", "src\FileService\FileService.Domain\FileService.Domain.csproj", "{C5255C09-0E19-4259-944A-299B4511180B}"
EndProject
Project("{FAE04EC0-301F-11D3-BF4B-00C04F79EFBC}") = "FileService.Infrastructure", "src\FileService\FileService.Infrastructure\FileService.Infrastructure.csproj", "{E2AEF716-8221-42EB-ACAF-9D8D960BC603}"
EndProject
Project("{FAE04EC0-301F-11D3-BF4B-00C04F79EFBC}") = "FileService.Tests", "src\FileService\FileService.Tests\FileService.Tests.csproj", "{60B9B54D-6F7A-4449-96E3-7AD413873A58}"
EndProject
Project("{2150E333-8FDC-42A3-9474-1A3956D46DE8}") = "InvoiceService", "InvoiceService", "{3206C0B2-EA89-43AE-A9EB-2F0D318782B0}"
EndProject
Project("{FAE04EC0-301F-11D3-BF4B-00C04F79EFBC}") = "InvoiceService.API", "src\InvoiceService\InvoiceService.API\InvoiceService.API.csproj", "{56F3A64E-F2DB-42DE-8F4E-5A31E58C8288}"
EndProject
Project("{FAE04EC0-301F-11D3-BF4B-00C04F79EFBC}") = "InvoiceService.Application", "src\InvoiceService\InvoiceService.Application\InvoiceService.Application.csproj", "{1C5ED09A-3118-4ECA-9F48-3C4DE0C70F92}"
EndProject
Project("{FAE04EC0-301F-11D3-BF4B-00C04F79EFBC}") = "InvoiceService.Domain", "src\InvoiceService\InvoiceService.Domain\InvoiceService.Domain.csproj", "{73D3D7B4-686C-456E-81C4-96CB7205E2E7}"
EndProject
Project("{FAE04EC0-301F-11D3-BF4B-00C04F79EFBC}") = "InvoiceService.Infrastructure", "src\InvoiceService\InvoiceService.Infrastructure\InvoiceService.Infrastructure.csproj", "{6411FBAC-C53C-463A-92B0-763F5C2F4D02}"
EndProject
Project("{FAE04EC0-301F-11D3-BF4B-00C04F79EFBC}") = "InvoiceService.Tests", "src\InvoiceService\InvoiceService.Tests\InvoiceService.Tests.csproj", "{05F8B234-1569-4B56-9587-9D22C143EAAD}"
EndProject
Project("{2150E333-8FDC-42A3-9474-1A3956D46DE8}") = "MenuService", "MenuService", "{19EC653E-16E9-49AE-923E-D542FE4A4438}"
EndProject
Project("{FAE04EC0-301F-11D3-BF4B-00C04F79EFBC}") = "MenuService.API", "src\MenuService\MenuService.API\MenuService.API.csproj", "{86852776-3B28-41D9-953C-D67A514BB526}"
EndProject
Project("{FAE04EC0-301F-11D3-BF4B-00C04F79EFBC}") = "MenuService.Application", "src\MenuService\MenuService.Application\MenuService.Application.csproj", "{244A53B1-603A-4D97-AEEB-41145D7494CA}"
EndProject
Project("{FAE04EC0-301F-11D3-BF4B-00C04F79EFBC}") = "MenuService.Domain", "src\MenuService\MenuService.Domain\MenuService.Domain.csproj", "{135B8890-B566-4CE4-BA68-14E2765C5037}"
EndProject
Project("{FAE04EC0-301F-11D3-BF4B-00C04F79EFBC}") = "MenuService.Infrastructure", "src\MenuService\MenuService.Infrastructure\MenuService.Infrastructure.csproj", "{8B5A32D9-4337-4737-9313-90584F385A77}"
EndProject
Project("{FAE04EC0-301F-11D3-BF4B-00C04F79EFBC}") = "MenuService.Tests", "src\MenuService\MenuService.Tests\MenuService.Tests.csproj", "{C56C9D71-50D3-4EC8-B378-70BCC811EC71}"
EndProject
Project("{2150E333-8FDC-42A3-9474-1A3956D46DE8}") = "OrderService", "OrderService", "{6856712B-6F4A-4509-ABD6-9DE8285912A2}"
EndProject
Project("{FAE04EC0-301F-11D3-BF4B-00C04F79EFBC}") = "OrderService.API", "src\OrderService\OrderService.API\OrderService.API.csproj", "{9D8AE1A4-C22D-4E7C-9EFC-27E380D8F90E}"
EndProject
Project("{FAE04EC0-301F-11D3-BF4B-00C04F79EFBC}") = "OrderService.Application", "src\OrderService\OrderService.Application\OrderService.Application.csproj", "{F034249F-A770-4051-B7F2-1C24B12AB671}"
EndProject
Project("{FAE04EC0-301F-11D3-BF4B-00C04F79EFBC}") = "OrderService.Domain", "src\OrderService\OrderService.Domain\OrderService.Domain.csproj", "{85739B11-95A3-4284-BFE6-A0383F47CCFA}"
EndProject
Project("{FAE04EC0-301F-11D3-BF4B-00C04F79EFBC}") = "OrderService.Infrastructure", "src\OrderService\OrderService.Infrastructure\OrderService.Infrastructure.csproj", "{1819F9B3-CA76-4418-A0CE-EC35A4D16C3E}"
EndProject
Project("{FAE04EC0-301F-11D3-BF4B-00C04F79EFBC}") = "OrderService.Tests", "src\OrderService\OrderService.Tests\OrderService.Tests.csproj", "{234A6BD1-EDB6-4F4E-B9C3-B737730A1DFD}"
EndProject
Project("{2150E333-8FDC-42A3-9474-1A3956D46DE8}") = "ReservationService", "ReservationService", "{73F6DCD0-929A-4A21-9139-D39EE660C3B0}"
EndProject
Project("{FAE04EC0-301F-11D3-BF4B-00C04F79EFBC}") = "ReservationService.API", "src\ReservationService\ReservationService.API\ReservationService.API.csproj", "{A935DAEB-BB87-49E7-9F20-05A2A444A43D}"
EndProject
Project("{FAE04EC0-301F-11D3-BF4B-00C04F79EFBC}") = "ReservationService.Application", "src\ReservationService\ReservationService.Application\ReservationService.Application.csproj", "{ABE294E5-D479-42F2-9EE7-7686FF35C17A}"
EndProject
Project("{FAE04EC0-301F-11D3-BF4B-00C04F79EFBC}") = "ReservationService.Domain", "src\ReservationService\ReservationService.Domain\ReservationService.Domain.csproj", "{95D1750B-377F-48A0-AA8C-796839BB0E02}"
EndProject
Project("{FAE04EC0-301F-11D3-BF4B-00C04F79EFBC}") = "ReservationService.Infrastructure", "src\ReservationService\ReservationService.Infrastructure\ReservationService.Infrastructure.csproj", "{72887F60-F4BD-48E0-85BA-95A654178F46}"
EndProject
Project("{FAE04EC0-301F-11D3-BF4B-00C04F79EFBC}") = "ReservationService.Tests", "src\ReservationService\ReservationService.Tests\ReservationService.Tests.csproj", "{4A858910-A936-4C3A-B122-91A33B2B4485}"
EndProject
Project("{2150E333-8FDC-42A3-9474-1A3956D46DE8}") = "AuditService", "AuditService", "{0A863639-BB66-4961-AFD1-0DB69B372F14}"
EndProject
Project("{FAE04EC0-301F-11D3-BF4B-00C04F79EFBC}") = "AuditService.API", "src\AuditService\AuditService.API\AuditService.API.csproj", "{2CC3DBC9-5DF4-407C-A434-83237787A9A7}"
EndProject
Project("{FAE04EC0-301F-11D3-BF4B-00C04F79EFBC}") = "AuditService.Application", "src\AuditService\AuditService.Application\AuditService.Application.csproj", "{1B214790-0DE7-4952-BF8D-770751529F86}"
EndProject
Project("{FAE04EC0-301F-11D3-BF4B-00C04F79EFBC}") = "AuditService.Domain", "src\AuditService\AuditService.Domain\AuditService.Domain.csproj", "{64FCCCE9-E1ED-44CE-A060-1B0CE4AE98BD}"
EndProject
Project("{FAE04EC0-301F-11D3-BF4B-00C04F79EFBC}") = "AuditService.Infrastructure", "src\AuditService\AuditService.Infrastructure\AuditService.Infrastructure.csproj", "{4D8021D1-D64A-4ECC-83DD-B92AD9C673BC}"
EndProject
Project("{FAE04EC0-301F-11D3-BF4B-00C04F79EFBC}") = "AuditService.Tests", "src\AuditService\AuditService.Tests\AuditService.Tests.csproj", "{0DA46858-176E-4B43-B485-3E18385F2AA9}"
EndProject
Project("{2150E333-8FDC-42A3-9474-1A3956D46DE8}") = "GatewayService", "GatewayService", "{C1B572E5-5D59-467D-B925-F2FAAD54CEC7}"
EndProject
Project("{FAE04EC0-301F-11D3-BF4B-00C04F79EFBC}") = "GatewayService.API", "src\GatewayService\GatewayService.API\GatewayService.API.csproj", "{2B1A3FAC-DDBD-4176-9AFB-830516AB652C}"
EndProject
Project("{FAE04EC0-301F-11D3-BF4B-00C04F79EFBC}") = "GatewayService.Application", "src\GatewayService\GatewayService.Application\GatewayService.Application.csproj", "{824FBA62-BDBE-47D8-A31B-186B43D342EE}"
EndProject
Project("{FAE04EC0-301F-11D3-BF4B-00C04F79EFBC}") = "GatewayService.Domain", "src\GatewayService\GatewayService.Domain\GatewayService.Domain.csproj", "{87B78B3C-2FAB-434C-B5B4-69A52C1CF1D5}"
EndProject
Project("{FAE04EC0-301F-11D3-BF4B-00C04F79EFBC}") = "GatewayService.Infrastructure", "src\GatewayService\GatewayService.Infrastructure\GatewayService.Infrastructure.csproj", "{86115836-E3DC-4E14-AA62-BD00BC0301A9}"
EndProject
Project("{FAE04EC0-301F-11D3-BF4B-00C04F79EFBC}") = "GatewayService.Tests", "src\GatewayService\GatewayService.Tests\GatewayService.Tests.csproj", "{8ACE41AF-7752-45EF-BC92-EB08802A3E1B}"
EndProject
Project("{2150E333-8FDC-42A3-9474-1A3956D46DE8}") = "Shared", "Shared", "{90343275-E3AE-4479-928B-3E14C178CC3E}"
EndProject
Project("{FAE04EC0-301F-11D3-BF4B-00C04F79EFBC}") = "Shared.Domain", "src\Shared\Shared.Domain\Shared.Domain.csproj", "{E89FDE0F-D1C9-47F6-85E7-EFD6EF8BDC75}"
EndProject
Project("{FAE04EC0-301F-11D3-BF4B-00C04F79EFBC}") = "Shared.Infrastructure", "src\Shared\Shared.Infrastructure\Shared.Infrastructure.csproj", "{6E2AFBD4-DF0D-4BE7-B910-E223C250731E}"
EndProject
Project("{FAE04EC0-301F-11D3-BF4B-00C04F79EFBC}") = "Shared.Contracts", "src\Shared\Shared.Contracts\Shared.Contracts.csproj", "{23148703-62CE-4E77-8B9D-FD8B536E6B2C}"
EndProject
Global
	GlobalSection(SolutionConfigurationPlatforms) = preSolution
		Debug|Any CPU = Debug|Any CPU
		Release|Any CPU = Release|Any CPU
	EndGlobalSection
	GlobalSection(SolutionProperties) = preSolution
		HideSolutionNode = FALSE
	EndGlobalSection
	GlobalSection(ProjectConfigurationPlatforms) = postSolution
		{4BE5AFC0-7B4C-468A-A021-FAE1F749C1D1}.Debug|Any CPU.ActiveCfg = Debug|Any CPU
		{4BE5AFC0-7B4C-468A-A021-FAE1F749C1D1}.Debug|Any CPU.Build.0 = Debug|Any CPU
		{4BE5AFC0-7B4C-468A-A021-FAE1F749C1D1}.Release|Any CPU.ActiveCfg = Release|Any CPU
		{4BE5AFC0-7B4C-468A-A021-FAE1F749C1D1}.Release|Any CPU.Build.0 = Release|Any CPU
		{007D39F6-94FC-480A-AE9A-B4B82BBECE83}.Debug|Any CPU.ActiveCfg = Debug|Any CPU
		{007D39F6-94FC-480A-AE9A-B4B82BBECE83}.Debug|Any CPU.Build.0 = Debug|Any CPU
		{007D39F6-94FC-480A-AE9A-B4B82BBECE83}.Release|Any CPU.ActiveCfg = Release|Any CPU
		{007D39F6-94FC-480A-AE9A-B4B82BBECE83}.Release|Any CPU.Build.0 = Release|Any CPU
		{EF9490AD-02B6-493C-B6FD-BC31ABFE3E9E}.Debug|Any CPU.ActiveCfg = Debug|Any CPU
		{EF9490AD-02B6-493C-B6FD-BC31ABFE3E9E}.Debug|Any CPU.Build.0 = Debug|Any CPU
		{EF9490AD-02B6-493C-B6FD-BC31ABFE3E9E}.Release|Any CPU.ActiveCfg = Release|Any CPU
		{EF9490AD-02B6-493C-B6FD-BC31ABFE3E9E}.Release|Any CPU.Build.0 = Release|Any CPU
		{0ABAD3B8-A877-4905-B363-854E50BF02CD}.Debug|Any CPU.ActiveCfg = Debug|Any CPU
		{0ABAD3B8-A877-4905-B363-854E50BF02CD}.Debug|Any CPU.Build.0 = Debug|Any CPU
		{0ABAD3B8-A877-4905-B363-854E50BF02CD}.Release|Any CPU.ActiveCfg = Release|Any CPU
		{0ABAD3B8-A877-4905-B363-854E50BF02CD}.Release|Any CPU.Build.0 = Release|Any CPU
		{BFD7FB37-3295-4675-9265-37185CB79DEA}.Debug|Any CPU.ActiveCfg = Debug|Any CPU
		{BFD7FB37-3295-4675-9265-37185CB79DEA}.Debug|Any CPU.Build.0 = Debug|Any CPU
		{BFD7FB37-3295-4675-9265-37185CB79DEA}.Release|Any CPU.ActiveCfg = Release|Any CPU
		{BFD7FB37-3295-4675-9265-37185CB79DEA}.Release|Any CPU.Build.0 = Release|Any CPU
		{4AE09CDA-95A9-45F7-951F-0C52635715E6}.Debug|Any CPU.ActiveCfg = Debug|Any CPU
		{4AE09CDA-95A9-45F7-951F-0C52635715E6}.Debug|Any CPU.Build.0 = Debug|Any CPU
		{4AE09CDA-95A9-45F7-951F-0C52635715E6}.Release|Any CPU.ActiveCfg = Release|Any CPU
		{4AE09CDA-95A9-45F7-951F-0C52635715E6}.Release|Any CPU.Build.0 = Release|Any CPU
		{687C27F7-910F-4D27-8B9E-E64DF5387D8D}.Debug|Any CPU.ActiveCfg = Debug|Any CPU
		{687C27F7-910F-4D27-8B9E-E64DF5387D8D}.Debug|Any CPU.Build.0 = Debug|Any CPU
		{687C27F7-910F-4D27-8B9E-E64DF5387D8D}.Release|Any CPU.ActiveCfg = Release|Any CPU
		{687C27F7-910F-4D27-8B9E-E64DF5387D8D}.Release|Any CPU.Build.0 = Release|Any CPU
		{C5255C09-0E19-4259-944A-299B4511180B}.Debug|Any CPU.ActiveCfg = Debug|Any CPU
		{C5255C09-0E19-4259-944A-299B4511180B}.Debug|Any CPU.Build.0 = Debug|Any CPU
		{C5255C09-0E19-4259-944A-299B4511180B}.Release|Any CPU.ActiveCfg = Release|Any CPU
		{C5255C09-0E19-4259-944A-299B4511180B}.Release|Any CPU.Build.0 = Release|Any CPU
		{E2AEF716-8221-42EB-ACAF-9D8D960BC603}.Debug|Any CPU.ActiveCfg = Debug|Any CPU
		{E2AEF716-8221-42EB-ACAF-9D8D960BC603}.Debug|Any CPU.Build.0 = Debug|Any CPU
		{E2AEF716-8221-42EB-ACAF-9D8D960BC603}.Release|Any CPU.ActiveCfg = Release|Any CPU
		{E2AEF716-8221-42EB-ACAF-9D8D960BC603}.Release|Any CPU.Build.0 = Release|Any CPU
		{60B9B54D-6F7A-4449-96E3-7AD413873A58}.Debug|Any CPU.ActiveCfg = Debug|Any CPU
		{60B9B54D-6F7A-4449-96E3-7AD413873A58}.Debug|Any CPU.Build.0 = Debug|Any CPU
		{60B9B54D-6F7A-4449-96E3-7AD413873A58}.Release|Any CPU.ActiveCfg = Release|Any CPU
		{60B9B54D-6F7A-4449-96E3-7AD413873A58}.Release|Any CPU.Build.0 = Release|Any CPU
		{56F3A64E-F2DB-42DE-8F4E-5A31E58C8288}.Debug|Any CPU.ActiveCfg = Debug|Any CPU
		{56F3A64E-F2DB-42DE-8F4E-5A31E58C8288}.Debug|Any CPU.Build.0 = Debug|Any CPU
		{56F3A64E-F2DB-42DE-8F4E-5A31E58C8288}.Release|Any CPU.ActiveCfg = Release|Any CPU
		{56F3A64E-F2DB-42DE-8F4E-5A31E58C8288}.Release|Any CPU.Build.0 = Release|Any CPU
		{1C5ED09A-3118-4ECA-9F48-3C4DE0C70F92}.Debug|Any CPU.ActiveCfg = Debug|Any CPU
		{1C5ED09A-3118-4ECA-9F48-3C4DE0C70F92}.Debug|Any CPU.Build.0 = Debug|Any CPU
		{1C5ED09A-3118-4ECA-9F48-3C4DE0C70F92}.Release|Any CPU.ActiveCfg = Release|Any CPU
		{1C5ED09A-3118-4ECA-9F48-3C4DE0C70F92}.Release|Any CPU.Build.0 = Release|Any CPU
		{73D3D7B4-686C-456E-81C4-96CB7205E2E7}.Debug|Any CPU.ActiveCfg = Debug|Any CPU
		{73D3D7B4-686C-456E-81C4-96CB7205E2E7}.Debug|Any CPU.Build.0 = Debug|Any CPU
		{73D3D7B4-686C-456E-81C4-96CB7205E2E7}.Release|Any CPU.ActiveCfg = Release|Any CPU
		{73D3D7B4-686C-456E-81C4-96CB7205E2E7}.Release|Any CPU.Build.0 = Release|Any CPU
		{6411FBAC-C53C-463A-92B0-763F5C2F4D02}.Debug|Any CPU.ActiveCfg = Debug|Any CPU
		{6411FBAC-C53C-463A-92B0-763F5C2F4D02}.Debug|Any CPU.Build.0 = Debug|Any CPU
		{6411FBAC-C53C-463A-92B0-763F5C2F4D02}.Release|Any CPU.ActiveCfg = Release|Any CPU
		{6411FBAC-C53C-463A-92B0-763F5C2F4D02}.Release|Any CPU.Build.0 = Release|Any CPU
		{05F8B234-1569-4B56-9587-9D22C143EAAD}.Debug|Any CPU.ActiveCfg = Debug|Any CPU
		{05F8B234-1569-4B56-9587-9D22C143EAAD}.Debug|Any CPU.Build.0 = Debug|Any CPU
		{05F8B234-1569-4B56-9587-9D22C143EAAD}.Release|Any CPU.ActiveCfg = Release|Any CPU
		{05F8B234-1569-4B56-9587-9D22C143EAAD}.Release|Any CPU.Build.0 = Release|Any CPU
		{86852776-3B28-41D9-953C-D67A514BB526}.Debug|Any CPU.ActiveCfg = Debug|Any CPU
		{86852776-3B28-41D9-953C-D67A514BB526}.Debug|Any CPU.Build.0 = Debug|Any CPU
		{86852776-3B28-41D9-953C-D67A514BB526}.Release|Any CPU.ActiveCfg = Release|Any CPU
		{86852776-3B28-41D9-953C-D67A514BB526}.Release|Any CPU.Build.0 = Release|Any CPU
		{244A53B1-603A-4D97-AEEB-41145D7494CA}.Debug|Any CPU.ActiveCfg = Debug|Any CPU
		{244A53B1-603A-4D97-AEEB-41145D7494CA}.Debug|Any CPU.Build.0 = Debug|Any CPU
		{244A53B1-603A-4D97-AEEB-41145D7494CA}.Release|Any CPU.ActiveCfg = Release|Any CPU
		{244A53B1-603A-4D97-AEEB-41145D7494CA}.Release|Any CPU.Build.0 = Release|Any CPU
		{135B8890-B566-4CE4-BA68-14E2765C5037}.Debug|Any CPU.ActiveCfg = Debug|Any CPU
		{135B8890-B566-4CE4-BA68-14E2765C5037}.Debug|Any CPU.Build.0 = Debug|Any CPU
		{135B8890-B566-4CE4-BA68-14E2765C5037}.Release|Any CPU.ActiveCfg = Release|Any CPU
		{135B8890-B566-4CE4-BA68-14E2765C5037}.Release|Any CPU.Build.0 = Release|Any CPU
		{8B5A32D9-4337-4737-9313-90584F385A77}.Debug|Any CPU.ActiveCfg = Debug|Any CPU
		{8B5A32D9-4337-4737-9313-90584F385A77}.Debug|Any CPU.Build.0 = Debug|Any CPU
		{8B5A32D9-4337-4737-9313-90584F385A77}.Release|Any CPU.ActiveCfg = Release|Any CPU
		{8B5A32D9-4337-4737-9313-90584F385A77}.Release|Any CPU.Build.0 = Release|Any CPU
		{C56C9D71-50D3-4EC8-B378-70BCC811EC71}.Debug|Any CPU.ActiveCfg = Debug|Any CPU
		{C56C9D71-50D3-4EC8-B378-70BCC811EC71}.Debug|Any CPU.Build.0 = Debug|Any CPU
		{C56C9D71-50D3-4EC8-B378-70BCC811EC71}.Release|Any CPU.ActiveCfg = Release|Any CPU
		{C56C9D71-50D3-4EC8-B378-70BCC811EC71}.Release|Any CPU.Build.0 = Release|Any CPU
		{9D8AE1A4-C22D-4E7C-9EFC-27E380D8F90E}.Debug|Any CPU.ActiveCfg = Debug|Any CPU
		{9D8AE1A4-C22D-4E7C-9EFC-27E380D8F90E}.Debug|Any CPU.Build.0 = Debug|Any CPU
		{9D8AE1A4-C22D-4E7C-9EFC-27E380D8F90E}.Release|Any CPU.ActiveCfg = Release|Any CPU
		{9D8AE1A4-C22D-4E7C-9EFC-27E380D8F90E}.Release|Any CPU.Build.0 = Release|Any CPU
		{F034249F-A770-4051-B7F2-1C24B12AB671}.Debug|Any CPU.ActiveCfg = Debug|Any CPU
		{F034249F-A770-4051-B7F2-1C24B12AB671}.Debug|Any CPU.Build.0 = Debug|Any CPU
		{F034249F-A770-4051-B7F2-1C24B12AB671}.Release|Any CPU.ActiveCfg = Release|Any CPU
		{F034249F-A770-4051-B7F2-1C24B12AB671}.Release|Any CPU.Build.0 = Release|Any CPU
		{85739B11-95A3-4284-BFE6-A0383F47CCFA}.Debug|Any CPU.ActiveCfg = Debug|Any CPU
		{85739B11-95A3-4284-BFE6-A0383F47CCFA}.Debug|Any CPU.Build.0 = Debug|Any CPU
		{85739B11-95A3-4284-BFE6-A0383F47CCFA}.Release|Any CPU.ActiveCfg = Release|Any CPU
		{85739B11-95A3-4284-BFE6-A0383F47CCFA}.Release|Any CPU.Build.0 = Release|Any CPU
		{1819F9B3-CA76-4418-A0CE-EC35A4D16C3E}.Debug|Any CPU.ActiveCfg = Debug|Any CPU
		{1819F9B3-CA76-4418-A0CE-EC35A4D16C3E}.Debug|Any CPU.Build.0 = Debug|Any CPU
		{1819F9B3-CA76-4418-A0CE-EC35A4D16C3E}.Release|Any CPU.ActiveCfg = Release|Any CPU
		{1819F9B3-CA76-4418-A0CE-EC35A4D16C3E}.Release|Any CPU.Build.0 = Release|Any CPU
		{234A6BD1-EDB6-4F4E-B9C3-B737730A1DFD}.Debug|Any CPU.ActiveCfg = Debug|Any CPU
		{234A6BD1-EDB6-4F4E-B9C3-B737730A1DFD}.Debug|Any CPU.Build.0 = Debug|Any CPU
		{234A6BD1-EDB6-4F4E-B9C3-B737730A1DFD}.Release|Any CPU.ActiveCfg = Release|Any CPU
		{234A6BD1-EDB6-4F4E-B9C3-B737730A1DFD}.Release|Any CPU.Build.0 = Release|Any CPU
		{A935DAEB-BB87-49E7-9F20-05A2A444A43D}.Debug|Any CPU.ActiveCfg = Debug|Any CPU
		{A935DAEB-BB87-49E7-9F20-05A2A444A43D}.Debug|Any CPU.Build.0 = Debug|Any CPU
		{A935DAEB-BB87-49E7-9F20-05A2A444A43D}.Release|Any CPU.ActiveCfg = Release|Any CPU
		{A935DAEB-BB87-49E7-9F20-05A2A444A43D}.Release|Any CPU.Build.0 = Release|Any CPU
		{ABE294E5-D479-42F2-9EE7-7686FF35C17A}.Debug|Any CPU.ActiveCfg = Debug|Any CPU
		{ABE294E5-D479-42F2-9EE7-7686FF35C17A}.Debug|Any CPU.Build.0 = Debug|Any CPU
		{ABE294E5-D479-42F2-9EE7-7686FF35C17A}.Release|Any CPU.ActiveCfg = Release|Any CPU
		{ABE294E5-D479-42F2-9EE7-7686FF35C17A}.Release|Any CPU.Build.0 = Release|Any CPU
		{95D1750B-377F-48A0-AA8C-796839BB0E02}.Debug|Any CPU.ActiveCfg = Debug|Any CPU
		{95D1750B-377F-48A0-AA8C-796839BB0E02}.Debug|Any CPU.Build.0 = Debug|Any CPU
		{95D1750B-377F-48A0-AA8C-796839BB0E02}.Release|Any CPU.ActiveCfg = Release|Any CPU
		{95D1750B-377F-48A0-AA8C-796839BB0E02}.Release|Any CPU.Build.0 = Release|Any CPU
		{72887F60-F4BD-48E0-85BA-95A654178F46}.Debug|Any CPU.ActiveCfg = Debug|Any CPU
		{72887F60-F4BD-48E0-85BA-95A654178F46}.Debug|Any CPU.Build.0 = Debug|Any CPU
		{72887F60-F4BD-48E0-85BA-95A654178F46}.Release|Any CPU.ActiveCfg = Release|Any CPU
		{72887F60-F4BD-48E0-85BA-95A654178F46}.Release|Any CPU.Build.0 = Release|Any CPU
		{4A858910-A936-4C3A-B122-91A33B2B4485}.Debug|Any CPU.ActiveCfg = Debug|Any CPU
		{4A858910-A936-4C3A-B122-91A33B2B4485}.Debug|Any CPU.Build.0 = Debug|Any CPU
		{4A858910-A936-4C3A-B122-91A33B2B4485}.Release|Any CPU.ActiveCfg = Release|Any CPU
		{4A858910-A936-4C3A-B122-91A33B2B4485}.Release|Any CPU.Build.0 = Release|Any CPU
		{2CC3DBC9-5DF4-407C-A434-83237787A9A7}.Debug|Any CPU.ActiveCfg = Debug|Any CPU
		{2CC3DBC9-5DF4-407C-A434-83237787A9A7}.Debug|Any CPU.Build.0 = Debug|Any CPU
		{2CC3DBC9-5DF4-407C-A434-83237787A9A7}.Release|Any CPU.ActiveCfg = Release|Any CPU
		{2CC3DBC9-5DF4-407C-A434-83237787A9A7}.Release|Any CPU.Build.0 = Release|Any CPU
		{1B214790-0DE7-4952-BF8D-770751529F86}.Debug|Any CPU.ActiveCfg = Debug|Any CPU
		{1B214790-0DE7-4952-BF8D-770751529F86}.Debug|Any CPU.Build.0 = Debug|Any CPU
		{1B214790-0DE7-4952-BF8D-770751529F86}.Release|Any CPU.ActiveCfg = Release|Any CPU
		{1B214790-0DE7-4952-BF8D-770751529F86}.Release|Any CPU.Build.0 = Release|Any CPU
		{64FCCCE9-E1ED-44CE-A060-1B0CE4AE98BD}.Debug|Any CPU.ActiveCfg = Debug|Any CPU
		{64FCCCE9-E1ED-44CE-A060-1B0CE4AE98BD}.Debug|Any CPU.Build.0 = Debug|Any CPU
		{64FCCCE9-E1ED-44CE-A060-1B0CE4AE98BD}.Release|Any CPU.ActiveCfg = Release|Any CPU
		{64FCCCE9-E1ED-44CE-A060-1B0CE4AE98BD}.Release|Any CPU.Build.0 = Release|Any CPU
		{4D8021D1-D64A-4ECC-83DD-B92AD9C673BC}.Debug|Any CPU.ActiveCfg = Debug|Any CPU
		{4D8021D1-D64A-4ECC-83DD-B92AD9C673BC}.Debug|Any CPU.Build.0 = Debug|Any CPU
		{4D8021D1-D64A-4ECC-83DD-B92AD9C673BC}.Release|Any CPU.ActiveCfg = Release|Any CPU
		{4D8021D1-D64A-4ECC-83DD-B92AD9C673BC}.Release|Any CPU.Build.0 = Release|Any CPU
		{0DA46858-176E-4B43-B485-3E18385F2AA9}.Debug|Any CPU.ActiveCfg = Debug|Any CPU
		{0DA46858-176E-4B43-B485-3E18385F2AA9}.Debug|Any CPU.Build.0 = Debug|Any CPU
		{0DA46858-176E-4B43-B485-3E18385F2AA9}.Release|Any CPU.ActiveCfg = Release|Any CPU
		{0DA46858-176E-4B43-B485-3E18385F2AA9}.Release|Any CPU.Build.0 = Release|Any CPU
		{2B1A3FAC-DDBD-4176-9AFB-830516AB652C}.Debug|Any CPU.ActiveCfg = Debug|Any CPU
		{2B1A3FAC-DDBD-4176-9AFB-830516AB652C}.Debug|Any CPU.Build.0 = Debug|Any CPU
		{2B1A3FAC-DDBD-4176-9AFB-830516AB652C}.Release|Any CPU.ActiveCfg = Release|Any CPU
		{2B1A3FAC-DDBD-4176-9AFB-830516AB652C}.Release|Any CPU.Build.0 = Release|Any CPU
		{824FBA62-BDBE-47D8-A31B-186B43D342EE}.Debug|Any CPU.ActiveCfg = Debug|Any CPU
		{824FBA62-BDBE-47D8-A31B-186B43D342EE}.Debug|Any CPU.Build.0 = Debug|Any CPU
		{824FBA62-BDBE-47D8-A31B-186B43D342EE}.Release|Any CPU.ActiveCfg = Release|Any CPU
		{824FBA62-BDBE-47D8-A31B-186B43D342EE}.Release|Any CPU.Build.0 = Release|Any CPU
		{87B78B3C-2FAB-434C-B5B4-69A52C1CF1D5}.Debug|Any CPU.ActiveCfg = Debug|Any CPU
		{87B78B3C-2FAB-434C-B5B4-69A52C1CF1D5}.Debug|Any CPU.Build.0 = Debug|Any CPU
		{87B78B3C-2FAB-434C-B5B4-69A52C1CF1D5}.Release|Any CPU.ActiveCfg = Release|Any CPU
		{87B78B3C-2FAB-434C-B5B4-69A52C1CF1D5}.Release|Any CPU.Build.0 = Release|Any CPU
		{86115836-E3DC-4E14-AA62-BD00BC0301A9}.Debug|Any CPU.ActiveCfg = Debug|Any CPU
		{86115836-E3DC-4E14-AA62-BD00BC0301A9}.Debug|Any CPU.Build.0 = Debug|Any CPU
		{86115836-E3DC-4E14-AA62-BD00BC0301A9}.Release|Any CPU.ActiveCfg = Release|Any CPU
		{86115836-E3DC-4E14-AA62-BD00BC0301A9}.Release|Any CPU.Build.0 = Release|Any CPU
		{8ACE41AF-7752-45EF-BC92-EB08802A3E1B}.Debug|Any CPU.ActiveCfg = Debug|Any CPU
		{8ACE41AF-7752-45EF-BC92-EB08802A3E1B}.Debug|Any CPU.Build.0 = Debug|Any CPU
		{8ACE41AF-7752-45EF-BC92-EB08802A3E1B}.Release|Any CPU.ActiveCfg = Release|Any CPU
		{8ACE41AF-7752-45EF-BC92-EB08802A3E1B}.Release|Any CPU.Build.0 = Release|Any CPU
		{E89FDE0F-D1C9-47F6-85E7-EFD6EF8BDC75}.Debug|Any CPU.ActiveCfg = Debug|Any CPU
		{E89FDE0F-D1C9-47F6-85E7-EFD6EF8BDC75}.Debug|Any CPU.Build.0 = Debug|Any CPU
		{E89FDE0F-D1C9-47F6-85E7-EFD6EF8BDC75}.Release|Any CPU.ActiveCfg = Release|Any CPU
		{E89FDE0F-D1C9-47F6-85E7-EFD6EF8BDC75}.Release|Any CPU.Build.0 = Release|Any CPU
		{6E2AFBD4-DF0D-4BE7-B910-E223C250731E}.Debug|Any CPU.ActiveCfg = Debug|Any CPU
		{6E2AFBD4-DF0D-4BE7-B910-E223C250731E}.Debug|Any CPU.Build.0 = Debug|Any CPU
		{6E2AFBD4-DF0D-4BE7-B910-E223C250731E}.Release|Any CPU.ActiveCfg = Release|Any CPU
		{6E2AFBD4-DF0D-4BE7-B910-E223C250731E}.Release|Any CPU.Build.0 = Release|Any CPU
		{23148703-62CE-4E77-8B9D-FD8B536E6B2C}.Debug|Any CPU.ActiveCfg = Debug|Any CPU
		{23148703-62CE-4E77-8B9D-FD8B536E6B2C}.Debug|Any CPU.Build.0 = Debug|Any CPU
		{23148703-62CE-4E77-8B9D-FD8B536E6B2C}.Release|Any CPU.ActiveCfg = Release|Any CPU
		{23148703-62CE-4E77-8B9D-FD8B536E6B2C}.Release|Any CPU.Build.0 = Release|Any CPU
	EndGlobalSection
	GlobalSection(NestedProjects) = preSolution
		{2AD1BA84-1AE9-4BD7-B0DC-605D8C50B498} = {8A54FB4F-3AF2-44EC-B4A2-C99050568B1F}
		{4BE5AFC0-7B4C-468A-A021-FAE1F749C1D1} = {2AD1BA84-1AE9-4BD7-B0DC-605D8C50B498}
		{007D39F6-94FC-480A-AE9A-B4B82BBECE83} = {2AD1BA84-1AE9-4BD7-B0DC-605D8C50B498}
		{EF9490AD-02B6-493C-B6FD-BC31ABFE3E9E} = {2AD1BA84-1AE9-4BD7-B0DC-605D8C50B498}
		{0ABAD3B8-A877-4905-B363-854E50BF02CD} = {2AD1BA84-1AE9-4BD7-B0DC-605D8C50B498}
		{BFD7FB37-3295-4675-9265-37185CB79DEA} = {2AD1BA84-1AE9-4BD7-B0DC-605D8C50B498}
		{359EA384-C0ED-428D-9D97-2E40C455A523} = {8A54FB4F-3AF2-44EC-B4A2-C99050568B1F}
		{4AE09CDA-95A9-45F7-951F-0C52635715E6} = {359EA384-C0ED-428D-9D97-2E40C455A523}
		{687C27F7-910F-4D27-8B9E-E64DF5387D8D} = {359EA384-C0ED-428D-9D97-2E40C455A523}
		{C5255C09-0E19-4259-944A-299B4511180B} = {359EA384-C0ED-428D-9D97-2E40C455A523}
		{E2AEF716-8221-42EB-ACAF-9D8D960BC603} = {359EA384-C0ED-428D-9D97-2E40C455A523}
		{60B9B54D-6F7A-4449-96E3-7AD413873A58} = {359EA384-C0ED-428D-9D97-2E40C455A523}
		{3206C0B2-EA89-43AE-A9EB-2F0D318782B0} = {8A54FB4F-3AF2-44EC-B4A2-C99050568B1F}
		{56F3A64E-F2DB-42DE-8F4E-5A31E58C8288} = {3206C0B2-EA89-43AE-A9EB-2F0D318782B0}
		{1C5ED09A-3118-4ECA-9F48-3C4DE0C70F92} = {3206C0B2-EA89-43AE-A9EB-2F0D318782B0}
		{73D3D7B4-686C-456E-81C4-96CB7205E2E7} = {3206C0B2-EA89-43AE-A9EB-2F0D318782B0}
		{6411FBAC-C53C-463A-92B0-763F5C2F4D02} = {3206C0B2-EA89-43AE-A9EB-2F0D318782B0}
		{05F8B234-1569-4B56-9587-9D22C143EAAD} = {3206C0B2-EA89-43AE-A9EB-2F0D318782B0}
		{19EC653E-16E9-49AE-923E-D542FE4A4438} = {8A54FB4F-3AF2-44EC-B4A2-C99050568B1F}
		{86852776-3B28-41D9-953C-D67A514BB526} = {19EC653E-16E9-49AE-923E-D542FE4A4438}
		{244A53B1-603A-4D97-AEEB-41145D7494CA} = {19EC653E-16E9-49AE-923E-D542FE4A4438}
		{135B8890-B566-4CE4-BA68-14E2765C5037} = {19EC653E-16E9-49AE-923E-D542FE4A4438}
		{8B5A32D9-4337-4737-9313-90584F385A77} = {19EC653E-16E9-49AE-923E-D542FE4A4438}
		{C56C9D71-50D3-4EC8-B378-70BCC811EC71} = {19EC653E-16E9-49AE-923E-D542FE4A4438}
		{6856712B-6F4A-4509-ABD6-9DE8285912A2} = {8A54FB4F-3AF2-44EC-B4A2-C99050568B1F}
		{9D8AE1A4-C22D-4E7C-9EFC-27E380D8F90E} = {6856712B-6F4A-4509-ABD6-9DE8285912A2}
		{F034249F-A770-4051-B7F2-1C24B12AB671} = {6856712B-6F4A-4509-ABD6-9DE8285912A2}
		{85739B11-95A3-4284-BFE6-A0383F47CCFA} = {6856712B-6F4A-4509-ABD6-9DE8285912A2}
		{1819F9B3-CA76-4418-A0CE-EC35A4D16C3E} = {6856712B-6F4A-4509-ABD6-9DE8285912A2}
		{234A6BD1-EDB6-4F4E-B9C3-B737730A1DFD} = {6856712B-6F4A-4509-ABD6-9DE8285912A2}
		{73F6DCD0-929A-4A21-9139-D39EE660C3B0} = {8A54FB4F-3AF2-44EC-B4A2-C99050568B1F}
		{A935DAEB-BB87-49E7-9F20-05A2A444A43D} = {73F6DCD0-929A-4A21-9139-D39EE660C3B0}
		{ABE294E5-D479-42F2-9EE7-7686FF35C17A} = {73F6DCD0-929A-4A21-9139-D39EE660C3B0}
		{95D1750B-377F-48A0-AA8C-796839BB0E02} = {73F6DCD0-929A-4A21-9139-D39EE660C3B0}
		{72887F60-F4BD-48E0-85BA-95A654178F46} = {73F6DCD0-929A-4A21-9139-D39EE660C3B0}
		{4A858910-A936-4C3A-B122-91A33B2B4485} = {73F6DCD0-929A-4A21-9139-D39EE660C3B0}
		{0A863639-BB66-4961-AFD1-0DB69B372F14} = {8A54FB4F-3AF2-44EC-B4A2-C99050568B1F}
		{2CC3DBC9-5DF4-407C-A434-83237787A9A7} = {0A863639-BB66-4961-AFD1-0DB69B372F14}
		{1B214790-0DE7-4952-BF8D-770751529F86} = {0A863639-BB66-4961-AFD1-0DB69B372F14}
		{64FCCCE9-E1ED-44CE-A060-1B0CE4AE98BD} = {0A863639-BB66-4961-AFD1-0DB69B372F14}
		{4D8021D1-D64A-4ECC-83DD-B92AD9C673BC} = {0A863639-BB66-4961-AFD1-0DB69B372F14}
		{0DA46858-176E-4B43-B485-3E18385F2AA9} = {0A863639-BB66-4961-AFD1-0DB69B372F14}
		{C1B572E5-5D59-467D-B925-F2FAAD54CEC7} = {8A54FB4F-3AF2-44EC-B4A2-C99050568B1F}
		{2B1A3FAC-DDBD-4176-9AFB-830516AB652C} = {C1B572E5-5D59-467D-B925-F2FAAD54CEC7}
		{824FBA62-BDBE-47D8-A31B-186B43D342EE} = {C1B572E5-5D59-467D-B925-F2FAAD54CEC7}
		{87B78B3C-2FAB-434C-B5B4-69A52C1CF1D5} = {C1B572E5-5D59-467D-B925-F2FAAD54CEC7}
		{86115836-E3DC-4E14-AA62-BD00BC0301A9} = {C1B572E5-5D59-467D-B925-F2FAAD54CEC7}
		{8ACE41AF-7752-45EF-BC92-EB08802A3E1B} = {C1B572E5-5D59-467D-B925-F2FAAD54CEC7}
		{90343275-E3AE-4479-928B-3E14C178CC3E} = {8A54FB4F-3AF2-44EC-B4A2-C99050568B1F}
		{E89FDE0F-D1C9-47F6-85E7-EFD6EF8BDC75} = {90343275-E3AE-4479-928B-3E14C178CC3E}
		{6E2AFBD4-DF0D-4BE7-B910-E223C250731E} = {90343275-E3AE-4479-928B-3E14C178CC3E}
		{23148703-62CE-4E77-8B9D-FD8B536E6B2C} = {90343275-E3AE-4479-928B-3E14C178CC3E}
	EndGlobalSection
EndGlobal
